
Microsoft Visual Studio Solution File, Format Version 10.00
# Visual Studio 2008
Project("{FAE04EC0-301F-11D3-BF4B-00C04F79EFBC}") = "Infoboard.Core", "app\Infoboard.Core\Infoboard.Core.csproj", "{F47BB8A3-AFE2-47BD-9D74-C16A6C3C1B80}"
EndProject
Project("{FAE04EC0-301F-11D3-BF4B-00C04F79EFBC}") = "Infoboard.ApplicationServices", "app\Infoboard.ApplicationServices\Infoboard.ApplicationServices.csproj", "{045AFE4C-21FA-4A24-869B-A65979D5B31B}"
EndProject
Project("{FAE04EC0-301F-11D3-BF4B-00C04F79EFBC}") = "Infoboard.Data", "app\Infoboard.Data\Infoboard.Data.csproj", "{7EDB82AE-0F37-485E-ABC1-54418085E6A5}"
EndProject
Project("{FAE04EC0-301F-11D3-BF4B-00C04F79EFBC}") = "Infoboard.Tests", "tests\Infoboard.Tests\Infoboard.Tests.csproj", "{A2F7FE7B-15BB-43C0-A3C2-F3A2C052B268}"
EndProject
Project("{FAE04EC0-301F-11D3-BF4B-00C04F79EFBC}") = "Infoboard.Web", "app\Infoboard.Web\Infoboard.Web.csproj", "{024290C3-0D6C-467E-8817-959A883E09D5}"
EndProject
Project("{2150E333-8FDC-42A3-9474-1A3956D46DE8}") = "Code Generation", "Code Generation", "{538DACCE-0C05-4858-B8E7-F5BE39CE6DED}"
EndProject
Project("{FAE04EC0-301F-11D3-BF4B-00C04F79EFBC}") = "CrudScaffolding", "tools\CrudScaffolding\CrudScaffolding.csproj", "{FEDDD037-9299-4430-809B-5B30A7F2D286}"
EndProject
Global
	GlobalSection(SubversionScc) = preSolution
		Svn-Managed = True
		Manager = AnkhSVN - Subversion Support for Visual Studio
	EndGlobalSection
	GlobalSection(SolutionConfigurationPlatforms) = preSolution
		Debug|Any CPU = Debug|Any CPU
		Release|Any CPU = Release|Any CPU
	EndGlobalSection
	GlobalSection(ProjectConfigurationPlatforms) = postSolution
		{F47BB8A3-AFE2-47BD-9D74-C16A6C3C1B80}.Debug|Any CPU.ActiveCfg = Debug|Any CPU
		{F47BB8A3-AFE2-47BD-9D74-C16A6C3C1B80}.Debug|Any CPU.Build.0 = Debug|Any CPU
		{F47BB8A3-AFE2-47BD-9D74-C16A6C3C1B80}.Release|Any CPU.ActiveCfg = Release|Any CPU
		{F47BB8A3-AFE2-47BD-9D74-C16A6C3C1B80}.Release|Any CPU.Build.0 = Release|Any CPU
		{045AFE4C-21FA-4A24-869B-A65979D5B31B}.Debug|Any CPU.ActiveCfg = Debug|Any CPU
		{045AFE4C-21FA-4A24-869B-A65979D5B31B}.Debug|Any CPU.Build.0 = Debug|Any CPU
		{045AFE4C-21FA-4A24-869B-A65979D5B31B}.Release|Any CPU.ActiveCfg = Release|Any CPU
		{045AFE4C-21FA-4A24-869B-A65979D5B31B}.Release|Any CPU.Build.0 = Release|Any CPU
		{7EDB82AE-0F37-485E-ABC1-54418085E6A5}.Debug|Any CPU.ActiveCfg = Debug|Any CPU
		{7EDB82AE-0F37-485E-ABC1-54418085E6A5}.Debug|Any CPU.Build.0 = Debug|Any CPU
		{7EDB82AE-0F37-485E-ABC1-54418085E6A5}.Release|Any CPU.ActiveCfg = Release|Any CPU
		{7EDB82AE-0F37-485E-ABC1-54418085E6A5}.Release|Any CPU.Build.0 = Release|Any CPU
		{A2F7FE7B-15BB-43C0-A3C2-F3A2C052B268}.Debug|Any CPU.ActiveCfg = Debug|Any CPU
		{A2F7FE7B-15BB-43C0-A3C2-F3A2C052B268}.Debug|Any CPU.Build.0 = Debug|Any CPU
		{A2F7FE7B-15BB-43C0-A3C2-F3A2C052B268}.Release|Any CPU.ActiveCfg = Release|Any CPU
		{A2F7FE7B-15BB-43C0-A3C2-F3A2C052B268}.Release|Any CPU.Build.0 = Release|Any CPU
		{024290C3-0D6C-467E-8817-959A883E09D5}.Debug|Any CPU.ActiveCfg = Debug|Any CPU
		{024290C3-0D6C-467E-8817-959A883E09D5}.Debug|Any CPU.Build.0 = Debug|Any CPU
		{024290C3-0D6C-467E-8817-959A883E09D5}.Release|Any CPU.ActiveCfg = Release|Any CPU
		{024290C3-0D6C-467E-8817-959A883E09D5}.Release|Any CPU.Build.0 = Release|Any CPU
		{FEDDD037-9299-4430-809B-5B30A7F2D286}.Debug|Any CPU.ActiveCfg = Debug|Any CPU
		{FEDDD037-9299-4430-809B-5B30A7F2D286}.Release|Any CPU.ActiveCfg = Release|Any CPU
	EndGlobalSection
	GlobalSection(SolutionProperties) = preSolution
		HideSolutionNode = FALSE
	EndGlobalSection
	GlobalSection(NestedProjects) = preSolution
		{FEDDD037-9299-4430-809B-5B30A7F2D286} = {538DACCE-0C05-4858-B8E7-F5BE39CE6DED}
	EndGlobalSection
EndGlobal
